
Microsoft Visual Studio Solution File, Format Version 12.00
# Visual Studio 15
VisualStudioVersion = 15.0.27004.2009
MinimumVisualStudioVersion = 10.0.40219.1
Project("{2150E333-8FDC-42A3-9474-1A3956D46DE8}") = "Solution Items", "Solution Items", "{87764519-9FC7-4867-A7C5-B80210F8620B}"
	ProjectSection(SolutionItems) = preProject
		ToDo.txt = ToDo.txt
	EndProjectSection
EndProject
Project("{9A19103F-16F7-4668-BE54-9A1E7A4F7556}") = "InventoryApi.Test", "InventoryApi.Test\InventoryApi.Test.csproj", "{F14E6D26-35E5-4880-B501-AA3F9A4902BD}"
	ProjectSection(ProjectDependencies) = postProject
		{AA9A4654-D1E8-4B57-810F-3D4D015B6518} = {AA9A4654-D1E8-4B57-810F-3D4D015B6518}
		{E8CF3C56-52E8-4758-ACBA-F166EA5770E8} = {E8CF3C56-52E8-4758-ACBA-F166EA5770E8}
		{C4D99DEB-EE31-43AA-BBFE-441331D28CBE} = {C4D99DEB-EE31-43AA-BBFE-441331D28CBE}
	EndProjectSection
EndProject
Project("{9A19103F-16F7-4668-BE54-9A1E7A4F7556}") = "InventoryUI", "InventoryUI\InventoryUI.csproj", "{0CBF0044-BF60-44F9-88F3-3F7149C0EB60}"
EndProject
Project("{2150E333-8FDC-42A3-9474-1A3956D46DE8}") = "01 Backend", "01 Backend", "{1A817993-4DD7-4B43-8009-BFB774CDE318}"
EndProject
Project("{9A19103F-16F7-4668-BE54-9A1E7A4F7556}") = "T2D.Entities", "T2D.Entities\T2D.Entities.csproj", "{24279F6F-8833-4BF9-8981-84315F58C472}"
EndProject
Project("{2150E333-8FDC-42A3-9474-1A3956D46DE8}") = "02 Inventory API", "02 Inventory API", "{EEDA8C61-F8A3-4B67-8502-3E5F3274DD79}"
EndProject
Project("{2150E333-8FDC-42A3-9474-1A3956D46DE8}") = "03 Inventory UI", "03 Inventory UI", "{5B6BE698-1936-4531-9BB6-811BA157E9E2}"
EndProject
Project("{9A19103F-16F7-4668-BE54-9A1E7A4F7556}") = "T2D.Infra", "T2D.Infra\T2D.Infra.csproj", "{E8CF3C56-52E8-4758-ACBA-F166EA5770E8}"
EndProject
Project("{9A19103F-16F7-4668-BE54-9A1E7A4F7556}") = "T2D.InventoryBL", "T2D.InventoryBL\T2D.InventoryBL.csproj", "{AA9A4654-D1E8-4B57-810F-3D4D015B6518}"
EndProject
Project("{9A19103F-16F7-4668-BE54-9A1E7A4F7556}") = "T2D.Model", "T2D.Model\T2D.Model.csproj", "{C4D99DEB-EE31-43AA-BBFE-441331D28CBE}"
EndProject
Project("{9A19103F-16F7-4668-BE54-9A1E7A4F7556}") = "InventoryApi", "InventoryApi\InventoryApi.csproj", "{6233570C-ABA4-4D87-932E-4D27086BEF1C}"
EndProject
Project("{FAE04EC0-301F-11D3-BF4B-00C04F79EFBC}") = "T2D.Log", "T2D.Log\T2D.Log.csproj", "{C8C68B15-5DFC-4D17-80CC-4DFC42AEA589}"
EndProject
Global
	GlobalSection(SolutionConfigurationPlatforms) = preSolution
		Debug|Any CPU = Debug|Any CPU
		Debug|ARM = Debug|ARM
		Debug|x64 = Debug|x64
		Debug|x86 = Debug|x86
		Release|Any CPU = Release|Any CPU
		Release|ARM = Release|ARM
		Release|x64 = Release|x64
		Release|x86 = Release|x86
	EndGlobalSection
	GlobalSection(ProjectConfigurationPlatforms) = postSolution
		{F14E6D26-35E5-4880-B501-AA3F9A4902BD}.Debug|Any CPU.ActiveCfg = Debug|Any CPU
		{F14E6D26-35E5-4880-B501-AA3F9A4902BD}.Debug|Any CPU.Build.0 = Debug|Any CPU
		{F14E6D26-35E5-4880-B501-AA3F9A4902BD}.Debug|ARM.ActiveCfg = Debug|Any CPU
		{F14E6D26-35E5-4880-B501-AA3F9A4902BD}.Debug|ARM.Build.0 = Debug|Any CPU
		{F14E6D26-35E5-4880-B501-AA3F9A4902BD}.Debug|x64.ActiveCfg = Debug|Any CPU
		{F14E6D26-35E5-4880-B501-AA3F9A4902BD}.Debug|x64.Build.0 = Debug|Any CPU
		{F14E6D26-35E5-4880-B501-AA3F9A4902BD}.Debug|x86.ActiveCfg = Debug|Any CPU
		{F14E6D26-35E5-4880-B501-AA3F9A4902BD}.Debug|x86.Build.0 = Debug|Any CPU
		{F14E6D26-35E5-4880-B501-AA3F9A4902BD}.Release|Any CPU.ActiveCfg = Release|Any CPU
		{F14E6D26-35E5-4880-B501-AA3F9A4902BD}.Release|Any CPU.Build.0 = Release|Any CPU
		{F14E6D26-35E5-4880-B501-AA3F9A4902BD}.Release|ARM.ActiveCfg = Release|Any CPU
		{F14E6D26-35E5-4880-B501-AA3F9A4902BD}.Release|ARM.Build.0 = Release|Any CPU
		{F14E6D26-35E5-4880-B501-AA3F9A4902BD}.Release|x64.ActiveCfg = Release|Any CPU
		{F14E6D26-35E5-4880-B501-AA3F9A4902BD}.Release|x64.Build.0 = Release|Any CPU
		{F14E6D26-35E5-4880-B501-AA3F9A4902BD}.Release|x86.ActiveCfg = Release|Any CPU
		{F14E6D26-35E5-4880-B501-AA3F9A4902BD}.Release|x86.Build.0 = Release|Any CPU
		{0CBF0044-BF60-44F9-88F3-3F7149C0EB60}.Debug|Any CPU.ActiveCfg = Debug|Any CPU
		{0CBF0044-BF60-44F9-88F3-3F7149C0EB60}.Debug|Any CPU.Build.0 = Debug|Any CPU
		{0CBF0044-BF60-44F9-88F3-3F7149C0EB60}.Debug|ARM.ActiveCfg = Debug|Any CPU
		{0CBF0044-BF60-44F9-88F3-3F7149C0EB60}.Debug|ARM.Build.0 = Debug|Any CPU
		{0CBF0044-BF60-44F9-88F3-3F7149C0EB60}.Debug|x64.ActiveCfg = Debug|Any CPU
		{0CBF0044-BF60-44F9-88F3-3F7149C0EB60}.Debug|x64.Build.0 = Debug|Any CPU
		{0CBF0044-BF60-44F9-88F3-3F7149C0EB60}.Debug|x86.ActiveCfg = Debug|Any CPU
		{0CBF0044-BF60-44F9-88F3-3F7149C0EB60}.Debug|x86.Build.0 = Debug|Any CPU
		{0CBF0044-BF60-44F9-88F3-3F7149C0EB60}.Release|Any CPU.ActiveCfg = Release|Any CPU
		{0CBF0044-BF60-44F9-88F3-3F7149C0EB60}.Release|Any CPU.Build.0 = Release|Any CPU
		{0CBF0044-BF60-44F9-88F3-3F7149C0EB60}.Release|ARM.ActiveCfg = Release|Any CPU
		{0CBF0044-BF60-44F9-88F3-3F7149C0EB60}.Release|ARM.Build.0 = Release|Any CPU
		{0CBF0044-BF60-44F9-88F3-3F7149C0EB60}.Release|x64.ActiveCfg = Release|Any CPU
		{0CBF0044-BF60-44F9-88F3-3F7149C0EB60}.Release|x64.Build.0 = Release|Any CPU
		{0CBF0044-BF60-44F9-88F3-3F7149C0EB60}.Release|x86.ActiveCfg = Release|Any CPU
		{0CBF0044-BF60-44F9-88F3-3F7149C0EB60}.Release|x86.Build.0 = Release|Any CPU
		{24279F6F-8833-4BF9-8981-84315F58C472}.Debug|Any CPU.ActiveCfg = Debug|Any CPU
		{24279F6F-8833-4BF9-8981-84315F58C472}.Debug|Any CPU.Build.0 = Debug|Any CPU
		{24279F6F-8833-4BF9-8981-84315F58C472}.Debug|ARM.ActiveCfg = Debug|Any CPU
		{24279F6F-8833-4BF9-8981-84315F58C472}.Debug|ARM.Build.0 = Debug|Any CPU
		{24279F6F-8833-4BF9-8981-84315F58C472}.Debug|x64.ActiveCfg = Debug|Any CPU
		{24279F6F-8833-4BF9-8981-84315F58C472}.Debug|x64.Build.0 = Debug|Any CPU
		{24279F6F-8833-4BF9-8981-84315F58C472}.Debug|x86.ActiveCfg = Debug|Any CPU
		{24279F6F-8833-4BF9-8981-84315F58C472}.Debug|x86.Build.0 = Debug|Any CPU
		{24279F6F-8833-4BF9-8981-84315F58C472}.Release|Any CPU.ActiveCfg = Release|Any CPU
		{24279F6F-8833-4BF9-8981-84315F58C472}.Release|Any CPU.Build.0 = Release|Any CPU
		{24279F6F-8833-4BF9-8981-84315F58C472}.Release|ARM.ActiveCfg = Release|Any CPU
		{24279F6F-8833-4BF9-8981-84315F58C472}.Release|ARM.Build.0 = Release|Any CPU
		{24279F6F-8833-4BF9-8981-84315F58C472}.Release|x64.ActiveCfg = Release|Any CPU
		{24279F6F-8833-4BF9-8981-84315F58C472}.Release|x64.Build.0 = Release|Any CPU
		{24279F6F-8833-4BF9-8981-84315F58C472}.Release|x86.ActiveCfg = Release|Any CPU
		{24279F6F-8833-4BF9-8981-84315F58C472}.Release|x86.Build.0 = Release|Any CPU
		{E8CF3C56-52E8-4758-ACBA-F166EA5770E8}.Debug|Any CPU.ActiveCfg = Debug|Any CPU
		{E8CF3C56-52E8-4758-ACBA-F166EA5770E8}.Debug|Any CPU.Build.0 = Debug|Any CPU
		{E8CF3C56-52E8-4758-ACBA-F166EA5770E8}.Debug|ARM.ActiveCfg = Debug|Any CPU
		{E8CF3C56-52E8-4758-ACBA-F166EA5770E8}.Debug|ARM.Build.0 = Debug|Any CPU
		{E8CF3C56-52E8-4758-ACBA-F166EA5770E8}.Debug|x64.ActiveCfg = Debug|Any CPU
		{E8CF3C56-52E8-4758-ACBA-F166EA5770E8}.Debug|x64.Build.0 = Debug|Any CPU
		{E8CF3C56-52E8-4758-ACBA-F166EA5770E8}.Debug|x86.ActiveCfg = Debug|Any CPU
		{E8CF3C56-52E8-4758-ACBA-F166EA5770E8}.Debug|x86.Build.0 = Debug|Any CPU
		{E8CF3C56-52E8-4758-ACBA-F166EA5770E8}.Release|Any CPU.ActiveCfg = Release|Any CPU
		{E8CF3C56-52E8-4758-ACBA-F166EA5770E8}.Release|Any CPU.Build.0 = Release|Any CPU
		{E8CF3C56-52E8-4758-ACBA-F166EA5770E8}.Release|ARM.ActiveCfg = Release|Any CPU
		{E8CF3C56-52E8-4758-ACBA-F166EA5770E8}.Release|ARM.Build.0 = Release|Any CPU
		{E8CF3C56-52E8-4758-ACBA-F166EA5770E8}.Release|x64.ActiveCfg = Release|Any CPU
		{E8CF3C56-52E8-4758-ACBA-F166EA5770E8}.Release|x64.Build.0 = Release|Any CPU
		{E8CF3C56-52E8-4758-ACBA-F166EA5770E8}.Release|x86.ActiveCfg = Release|Any CPU
		{E8CF3C56-52E8-4758-ACBA-F166EA5770E8}.Release|x86.Build.0 = Release|Any CPU
		{AA9A4654-D1E8-4B57-810F-3D4D015B6518}.Debug|Any CPU.ActiveCfg = Debug|Any CPU
		{AA9A4654-D1E8-4B57-810F-3D4D015B6518}.Debug|Any CPU.Build.0 = Debug|Any CPU
		{AA9A4654-D1E8-4B57-810F-3D4D015B6518}.Debug|ARM.ActiveCfg = Debug|Any CPU
		{AA9A4654-D1E8-4B57-810F-3D4D015B6518}.Debug|ARM.Build.0 = Debug|Any CPU
		{AA9A4654-D1E8-4B57-810F-3D4D015B6518}.Debug|x64.ActiveCfg = Debug|Any CPU
		{AA9A4654-D1E8-4B57-810F-3D4D015B6518}.Debug|x64.Build.0 = Debug|Any CPU
		{AA9A4654-D1E8-4B57-810F-3D4D015B6518}.Debug|x86.ActiveCfg = Debug|Any CPU
		{AA9A4654-D1E8-4B57-810F-3D4D015B6518}.Debug|x86.Build.0 = Debug|Any CPU
		{AA9A4654-D1E8-4B57-810F-3D4D015B6518}.Release|Any CPU.ActiveCfg = Release|Any CPU
		{AA9A4654-D1E8-4B57-810F-3D4D015B6518}.Release|Any CPU.Build.0 = Release|Any CPU
		{AA9A4654-D1E8-4B57-810F-3D4D015B6518}.Release|ARM.ActiveCfg = Release|Any CPU
		{AA9A4654-D1E8-4B57-810F-3D4D015B6518}.Release|ARM.Build.0 = Release|Any CPU
		{AA9A4654-D1E8-4B57-810F-3D4D015B6518}.Release|x64.ActiveCfg = Release|Any CPU
		{AA9A4654-D1E8-4B57-810F-3D4D015B6518}.Release|x64.Build.0 = Release|Any CPU
		{AA9A4654-D1E8-4B57-810F-3D4D015B6518}.Release|x86.ActiveCfg = Release|Any CPU
		{AA9A4654-D1E8-4B57-810F-3D4D015B6518}.Release|x86.Build.0 = Release|Any CPU
		{C4D99DEB-EE31-43AA-BBFE-441331D28CBE}.Debug|Any CPU.ActiveCfg = Debug|Any CPU
		{C4D99DEB-EE31-43AA-BBFE-441331D28CBE}.Debug|Any CPU.Build.0 = Debug|Any CPU
		{C4D99DEB-EE31-43AA-BBFE-441331D28CBE}.Debug|ARM.ActiveCfg = Debug|Any CPU
		{C4D99DEB-EE31-43AA-BBFE-441331D28CBE}.Debug|ARM.Build.0 = Debug|Any CPU
		{C4D99DEB-EE31-43AA-BBFE-441331D28CBE}.Debug|x64.ActiveCfg = Debug|Any CPU
		{C4D99DEB-EE31-43AA-BBFE-441331D28CBE}.Debug|x64.Build.0 = Debug|Any CPU
		{C4D99DEB-EE31-43AA-BBFE-441331D28CBE}.Debug|x86.ActiveCfg = Debug|Any CPU
		{C4D99DEB-EE31-43AA-BBFE-441331D28CBE}.Debug|x86.Build.0 = Debug|Any CPU
		{C4D99DEB-EE31-43AA-BBFE-441331D28CBE}.Release|Any CPU.ActiveCfg = Release|Any CPU
		{C4D99DEB-EE31-43AA-BBFE-441331D28CBE}.Release|Any CPU.Build.0 = Release|Any CPU
		{C4D99DEB-EE31-43AA-BBFE-441331D28CBE}.Release|ARM.ActiveCfg = Release|Any CPU
		{C4D99DEB-EE31-43AA-BBFE-441331D28CBE}.Release|ARM.Build.0 = Release|Any CPU
		{C4D99DEB-EE31-43AA-BBFE-441331D28CBE}.Release|x64.ActiveCfg = Release|Any CPU
		{C4D99DEB-EE31-43AA-BBFE-441331D28CBE}.Release|x64.Build.0 = Release|Any CPU
		{C4D99DEB-EE31-43AA-BBFE-441331D28CBE}.Release|x86.ActiveCfg = Release|Any CPU
		{C4D99DEB-EE31-43AA-BBFE-441331D28CBE}.Release|x86.Build.0 = Release|Any CPU
		{6233570C-ABA4-4D87-932E-4D27086BEF1C}.Debug|Any CPU.ActiveCfg = Debug|Any CPU
		{6233570C-ABA4-4D87-932E-4D27086BEF1C}.Debug|Any CPU.Build.0 = Debug|Any CPU
		{6233570C-ABA4-4D87-932E-4D27086BEF1C}.Debug|ARM.ActiveCfg = Debug|Any CPU
		{6233570C-ABA4-4D87-932E-4D27086BEF1C}.Debug|ARM.Build.0 = Debug|Any CPU
		{6233570C-ABA4-4D87-932E-4D27086BEF1C}.Debug|x64.ActiveCfg = Debug|Any CPU
		{6233570C-ABA4-4D87-932E-4D27086BEF1C}.Debug|x64.Build.0 = Debug|Any CPU
		{6233570C-ABA4-4D87-932E-4D27086BEF1C}.Debug|x86.ActiveCfg = Debug|Any CPU
		{6233570C-ABA4-4D87-932E-4D27086BEF1C}.Debug|x86.Build.0 = Debug|Any CPU
		{6233570C-ABA4-4D87-932E-4D27086BEF1C}.Release|Any CPU.ActiveCfg = Release|Any CPU
		{6233570C-ABA4-4D87-932E-4D27086BEF1C}.Release|Any CPU.Build.0 = Release|Any CPU
		{6233570C-ABA4-4D87-932E-4D27086BEF1C}.Release|ARM.ActiveCfg = Release|Any CPU
		{6233570C-ABA4-4D87-932E-4D27086BEF1C}.Release|ARM.Build.0 = Release|Any CPU
		{6233570C-ABA4-4D87-932E-4D27086BEF1C}.Release|x64.ActiveCfg = Release|Any CPU
		{6233570C-ABA4-4D87-932E-4D27086BEF1C}.Release|x64.Build.0 = Release|Any CPU
		{6233570C-ABA4-4D87-932E-4D27086BEF1C}.Release|x86.ActiveCfg = Release|Any CPU
		{6233570C-ABA4-4D87-932E-4D27086BEF1C}.Release|x86.Build.0 = Release|Any CPU
		{C8C68B15-5DFC-4D17-80CC-4DFC42AEA589}.Debug|Any CPU.ActiveCfg = Debug|Any CPU
		{C8C68B15-5DFC-4D17-80CC-4DFC42AEA589}.Debug|Any CPU.Build.0 = Debug|Any CPU
		{C8C68B15-5DFC-4D17-80CC-4DFC42AEA589}.Debug|ARM.ActiveCfg = Debug|Any CPU
		{C8C68B15-5DFC-4D17-80CC-4DFC42AEA589}.Debug|ARM.Build.0 = Debug|Any CPU
		{C8C68B15-5DFC-4D17-80CC-4DFC42AEA589}.Debug|x64.ActiveCfg = Debug|Any CPU
		{C8C68B15-5DFC-4D17-80CC-4DFC42AEA589}.Debug|x64.Build.0 = Debug|Any CPU
		{C8C68B15-5DFC-4D17-80CC-4DFC42AEA589}.Debug|x86.ActiveCfg = Debug|Any CPU
		{C8C68B15-5DFC-4D17-80CC-4DFC42AEA589}.Debug|x86.Build.0 = Debug|Any CPU
		{C8C68B15-5DFC-4D17-80CC-4DFC42AEA589}.Release|Any CPU.ActiveCfg = Release|Any CPU
		{C8C68B15-5DFC-4D17-80CC-4DFC42AEA589}.Release|Any CPU.Build.0 = Release|Any CPU
		{C8C68B15-5DFC-4D17-80CC-4DFC42AEA589}.Release|ARM.ActiveCfg = Release|Any CPU
		{C8C68B15-5DFC-4D17-80CC-4DFC42AEA589}.Release|ARM.Build.0 = Release|Any CPU
		{C8C68B15-5DFC-4D17-80CC-4DFC42AEA589}.Release|x64.ActiveCfg = Release|Any CPU
		{C8C68B15-5DFC-4D17-80CC-4DFC42AEA589}.Release|x64.Build.0 = Release|Any CPU
		{C8C68B15-5DFC-4D17-80CC-4DFC42AEA589}.Release|x86.ActiveCfg = Release|Any CPU
		{C8C68B15-5DFC-4D17-80CC-4DFC42AEA589}.Release|x86.Build.0 = Release|Any CPU
	EndGlobalSection
	GlobalSection(SolutionProperties) = preSolution
		HideSolutionNode = FALSE
	EndGlobalSection
	GlobalSection(NestedProjects) = preSolution
		{F14E6D26-35E5-4880-B501-AA3F9A4902BD} = {EEDA8C61-F8A3-4B67-8502-3E5F3274DD79}
		{0CBF0044-BF60-44F9-88F3-3F7149C0EB60} = {5B6BE698-1936-4531-9BB6-811BA157E9E2}
		{24279F6F-8833-4BF9-8981-84315F58C472} = {1A817993-4DD7-4B43-8009-BFB774CDE318}
		{E8CF3C56-52E8-4758-ACBA-F166EA5770E8} = {1A817993-4DD7-4B43-8009-BFB774CDE318}
		{AA9A4654-D1E8-4B57-810F-3D4D015B6518} = {EEDA8C61-F8A3-4B67-8502-3E5F3274DD79}
		{C4D99DEB-EE31-43AA-BBFE-441331D28CBE} = {EEDA8C61-F8A3-4B67-8502-3E5F3274DD79}
		{6233570C-ABA4-4D87-932E-4D27086BEF1C} = {EEDA8C61-F8A3-4B67-8502-3E5F3274DD79}
		{C8C68B15-5DFC-4D17-80CC-4DFC42AEA589} = {1A817993-4DD7-4B43-8009-BFB774CDE318}
	EndGlobalSection
	GlobalSection(ExtensibilityGlobals) = postSolution
		SolutionGuid = {2D5A1116-0D6C-4D9B-A2DA-88DB3DB83BE7}
	EndGlobalSection
EndGlobal
