
Microsoft Visual Studio Solution File, Format Version 12.00
# Visual Studio 14
VisualStudioVersion = 14.0.25420.1
MinimumVisualStudioVersion = 10.0.40219.1
Project("{2150E333-8FDC-42A3-9474-1A3956D46DE8}") = "src", "src", "{35F390D5-3E61-4217-9CF3-531FECE6AC36}"
EndProject
Project("{2150E333-8FDC-42A3-9474-1A3956D46DE8}") = "Solution Items", "Solution Items", "{87764519-9FC7-4867-A7C5-B80210F8620B}"
	ProjectSection(SolutionItems) = preProject
		global.json = global.json
		ToDo.txt = ToDo.txt
	EndProjectSection
EndProject
Project("{8BB2217D-0F2D-49D1-97BC-3654ED321F3B}") = "T2D.Entities", "src\T2D.Entities\T2D.Entities.xproj", "{0B56FF91-A9C0-4766-8985-B4E039544567}"
EndProject
Project("{8BB2217D-0F2D-49D1-97BC-3654ED321F3B}") = "T2D.Model", "src\T2D.Model\T2D.Model.xproj", "{DC2F843C-F3F4-45F9-A1C0-131EDF233E08}"
EndProject
Project("{8BB2217D-0F2D-49D1-97BC-3654ED321F3B}") = "T2D.Infra", "src\T2D.Infra\T2D.Infra.xproj", "{C05F6D4A-690F-4CB5-ADA7-CAA9765A486B}"
EndProject
Project("{8BB2217D-0F2D-49D1-97BC-3654ED321F3B}") = "InventoryApi", "src\InventoryApi\InventoryApi.xproj", "{70C56F8D-574B-49DE-8B01-C757A5D154C2}"
EndProject
Project("{8BB2217D-0F2D-49D1-97BC-3654ED321F3B}") = "T2D.InventoryBL", "src\T2D.InventoryBL\T2D.InventoryBL.xproj", "{3D3948E2-ECA8-4018-AA96-4C0AB4EDC169}"
EndProject
Project("{FAE04EC0-301F-11D3-BF4B-00C04F79EFBC}") = "UWPTester", "UWPTester\UWPTester.csproj", "{5D16B94B-EF6A-45C4-BECA-9BD6F5458962}"
EndProject
Project("{FAE04EC0-301F-11D3-BF4B-00C04F79EFBC}") = "EntityDiagram", "EntityDiagram\EntityDiagram.csproj", "{36B5D0BD-BA2E-4368-A11C-73F3119B178E}"
EndProject
Global
	GlobalSection(SolutionConfigurationPlatforms) = preSolution
		Debug|Any CPU = Debug|Any CPU
		Debug|ARM = Debug|ARM
		Debug|x64 = Debug|x64
		Debug|x86 = Debug|x86
		Release|Any CPU = Release|Any CPU
		Release|ARM = Release|ARM
		Release|x64 = Release|x64
		Release|x86 = Release|x86
	EndGlobalSection
	GlobalSection(ProjectConfigurationPlatforms) = postSolution
		{0B56FF91-A9C0-4766-8985-B4E039544567}.Debug|Any CPU.ActiveCfg = Debug|Any CPU
		{0B56FF91-A9C0-4766-8985-B4E039544567}.Debug|Any CPU.Build.0 = Debug|Any CPU
		{0B56FF91-A9C0-4766-8985-B4E039544567}.Debug|ARM.ActiveCfg = Debug|Any CPU
		{0B56FF91-A9C0-4766-8985-B4E039544567}.Debug|ARM.Build.0 = Debug|Any CPU
		{0B56FF91-A9C0-4766-8985-B4E039544567}.Debug|x64.ActiveCfg = Debug|Any CPU
		{0B56FF91-A9C0-4766-8985-B4E039544567}.Debug|x64.Build.0 = Debug|Any CPU
		{0B56FF91-A9C0-4766-8985-B4E039544567}.Debug|x86.ActiveCfg = Debug|Any CPU
		{0B56FF91-A9C0-4766-8985-B4E039544567}.Debug|x86.Build.0 = Debug|Any CPU
		{0B56FF91-A9C0-4766-8985-B4E039544567}.Release|Any CPU.ActiveCfg = Release|Any CPU
		{0B56FF91-A9C0-4766-8985-B4E039544567}.Release|Any CPU.Build.0 = Release|Any CPU
		{0B56FF91-A9C0-4766-8985-B4E039544567}.Release|ARM.ActiveCfg = Release|Any CPU
		{0B56FF91-A9C0-4766-8985-B4E039544567}.Release|ARM.Build.0 = Release|Any CPU
		{0B56FF91-A9C0-4766-8985-B4E039544567}.Release|x64.ActiveCfg = Release|Any CPU
		{0B56FF91-A9C0-4766-8985-B4E039544567}.Release|x64.Build.0 = Release|Any CPU
		{0B56FF91-A9C0-4766-8985-B4E039544567}.Release|x86.ActiveCfg = Release|Any CPU
		{0B56FF91-A9C0-4766-8985-B4E039544567}.Release|x86.Build.0 = Release|Any CPU
		{DC2F843C-F3F4-45F9-A1C0-131EDF233E08}.Debug|Any CPU.ActiveCfg = Debug|Any CPU
		{DC2F843C-F3F4-45F9-A1C0-131EDF233E08}.Debug|Any CPU.Build.0 = Debug|Any CPU
		{DC2F843C-F3F4-45F9-A1C0-131EDF233E08}.Debug|ARM.ActiveCfg = Debug|Any CPU
		{DC2F843C-F3F4-45F9-A1C0-131EDF233E08}.Debug|ARM.Build.0 = Debug|Any CPU
		{DC2F843C-F3F4-45F9-A1C0-131EDF233E08}.Debug|x64.ActiveCfg = Debug|Any CPU
		{DC2F843C-F3F4-45F9-A1C0-131EDF233E08}.Debug|x64.Build.0 = Debug|Any CPU
		{DC2F843C-F3F4-45F9-A1C0-131EDF233E08}.Debug|x86.ActiveCfg = Debug|Any CPU
		{DC2F843C-F3F4-45F9-A1C0-131EDF233E08}.Debug|x86.Build.0 = Debug|Any CPU
		{DC2F843C-F3F4-45F9-A1C0-131EDF233E08}.Release|Any CPU.ActiveCfg = Release|Any CPU
		{DC2F843C-F3F4-45F9-A1C0-131EDF233E08}.Release|Any CPU.Build.0 = Release|Any CPU
		{DC2F843C-F3F4-45F9-A1C0-131EDF233E08}.Release|ARM.ActiveCfg = Release|Any CPU
		{DC2F843C-F3F4-45F9-A1C0-131EDF233E08}.Release|ARM.Build.0 = Release|Any CPU
		{DC2F843C-F3F4-45F9-A1C0-131EDF233E08}.Release|x64.ActiveCfg = Release|Any CPU
		{DC2F843C-F3F4-45F9-A1C0-131EDF233E08}.Release|x64.Build.0 = Release|Any CPU
		{DC2F843C-F3F4-45F9-A1C0-131EDF233E08}.Release|x86.ActiveCfg = Release|Any CPU
		{DC2F843C-F3F4-45F9-A1C0-131EDF233E08}.Release|x86.Build.0 = Release|Any CPU
		{C05F6D4A-690F-4CB5-ADA7-CAA9765A486B}.Debug|Any CPU.ActiveCfg = Debug|Any CPU
		{C05F6D4A-690F-4CB5-ADA7-CAA9765A486B}.Debug|Any CPU.Build.0 = Debug|Any CPU
		{C05F6D4A-690F-4CB5-ADA7-CAA9765A486B}.Debug|ARM.ActiveCfg = Debug|Any CPU
		{C05F6D4A-690F-4CB5-ADA7-CAA9765A486B}.Debug|ARM.Build.0 = Debug|Any CPU
		{C05F6D4A-690F-4CB5-ADA7-CAA9765A486B}.Debug|x64.ActiveCfg = Debug|Any CPU
		{C05F6D4A-690F-4CB5-ADA7-CAA9765A486B}.Debug|x64.Build.0 = Debug|Any CPU
		{C05F6D4A-690F-4CB5-ADA7-CAA9765A486B}.Debug|x86.ActiveCfg = Debug|Any CPU
		{C05F6D4A-690F-4CB5-ADA7-CAA9765A486B}.Debug|x86.Build.0 = Debug|Any CPU
		{C05F6D4A-690F-4CB5-ADA7-CAA9765A486B}.Release|Any CPU.ActiveCfg = Release|Any CPU
		{C05F6D4A-690F-4CB5-ADA7-CAA9765A486B}.Release|Any CPU.Build.0 = Release|Any CPU
		{C05F6D4A-690F-4CB5-ADA7-CAA9765A486B}.Release|ARM.ActiveCfg = Release|Any CPU
		{C05F6D4A-690F-4CB5-ADA7-CAA9765A486B}.Release|ARM.Build.0 = Release|Any CPU
		{C05F6D4A-690F-4CB5-ADA7-CAA9765A486B}.Release|x64.ActiveCfg = Release|Any CPU
		{C05F6D4A-690F-4CB5-ADA7-CAA9765A486B}.Release|x64.Build.0 = Release|Any CPU
		{C05F6D4A-690F-4CB5-ADA7-CAA9765A486B}.Release|x86.ActiveCfg = Release|Any CPU
		{C05F6D4A-690F-4CB5-ADA7-CAA9765A486B}.Release|x86.Build.0 = Release|Any CPU
		{70C56F8D-574B-49DE-8B01-C757A5D154C2}.Debug|Any CPU.ActiveCfg = Debug|Any CPU
		{70C56F8D-574B-49DE-8B01-C757A5D154C2}.Debug|Any CPU.Build.0 = Debug|Any CPU
		{70C56F8D-574B-49DE-8B01-C757A5D154C2}.Debug|ARM.ActiveCfg = Debug|Any CPU
		{70C56F8D-574B-49DE-8B01-C757A5D154C2}.Debug|ARM.Build.0 = Debug|Any CPU
		{70C56F8D-574B-49DE-8B01-C757A5D154C2}.Debug|x64.ActiveCfg = Debug|Any CPU
		{70C56F8D-574B-49DE-8B01-C757A5D154C2}.Debug|x64.Build.0 = Debug|Any CPU
		{70C56F8D-574B-49DE-8B01-C757A5D154C2}.Debug|x86.ActiveCfg = Debug|Any CPU
		{70C56F8D-574B-49DE-8B01-C757A5D154C2}.Debug|x86.Build.0 = Debug|Any CPU
		{70C56F8D-574B-49DE-8B01-C757A5D154C2}.Release|Any CPU.ActiveCfg = Release|Any CPU
		{70C56F8D-574B-49DE-8B01-C757A5D154C2}.Release|Any CPU.Build.0 = Release|Any CPU
		{70C56F8D-574B-49DE-8B01-C757A5D154C2}.Release|ARM.ActiveCfg = Release|Any CPU
		{70C56F8D-574B-49DE-8B01-C757A5D154C2}.Release|ARM.Build.0 = Release|Any CPU
		{70C56F8D-574B-49DE-8B01-C757A5D154C2}.Release|x64.ActiveCfg = Release|Any CPU
		{70C56F8D-574B-49DE-8B01-C757A5D154C2}.Release|x64.Build.0 = Release|Any CPU
		{70C56F8D-574B-49DE-8B01-C757A5D154C2}.Release|x86.ActiveCfg = Release|Any CPU
		{70C56F8D-574B-49DE-8B01-C757A5D154C2}.Release|x86.Build.0 = Release|Any CPU
		{3D3948E2-ECA8-4018-AA96-4C0AB4EDC169}.Debug|Any CPU.ActiveCfg = Debug|Any CPU
		{3D3948E2-ECA8-4018-AA96-4C0AB4EDC169}.Debug|Any CPU.Build.0 = Debug|Any CPU
		{3D3948E2-ECA8-4018-AA96-4C0AB4EDC169}.Debug|ARM.ActiveCfg = Debug|Any CPU
		{3D3948E2-ECA8-4018-AA96-4C0AB4EDC169}.Debug|ARM.Build.0 = Debug|Any CPU
		{3D3948E2-ECA8-4018-AA96-4C0AB4EDC169}.Debug|x64.ActiveCfg = Debug|Any CPU
		{3D3948E2-ECA8-4018-AA96-4C0AB4EDC169}.Debug|x64.Build.0 = Debug|Any CPU
		{3D3948E2-ECA8-4018-AA96-4C0AB4EDC169}.Debug|x86.ActiveCfg = Debug|Any CPU
		{3D3948E2-ECA8-4018-AA96-4C0AB4EDC169}.Debug|x86.Build.0 = Debug|Any CPU
		{3D3948E2-ECA8-4018-AA96-4C0AB4EDC169}.Release|Any CPU.ActiveCfg = Release|Any CPU
		{3D3948E2-ECA8-4018-AA96-4C0AB4EDC169}.Release|Any CPU.Build.0 = Release|Any CPU
		{3D3948E2-ECA8-4018-AA96-4C0AB4EDC169}.Release|ARM.ActiveCfg = Release|Any CPU
		{3D3948E2-ECA8-4018-AA96-4C0AB4EDC169}.Release|ARM.Build.0 = Release|Any CPU
		{3D3948E2-ECA8-4018-AA96-4C0AB4EDC169}.Release|x64.ActiveCfg = Release|Any CPU
		{3D3948E2-ECA8-4018-AA96-4C0AB4EDC169}.Release|x64.Build.0 = Release|Any CPU
		{3D3948E2-ECA8-4018-AA96-4C0AB4EDC169}.Release|x86.ActiveCfg = Release|Any CPU
		{3D3948E2-ECA8-4018-AA96-4C0AB4EDC169}.Release|x86.Build.0 = Release|Any CPU
		{5D16B94B-EF6A-45C4-BECA-9BD6F5458962}.Debug|Any CPU.ActiveCfg = Debug|x86
		{5D16B94B-EF6A-45C4-BECA-9BD6F5458962}.Debug|ARM.ActiveCfg = Debug|ARM
		{5D16B94B-EF6A-45C4-BECA-9BD6F5458962}.Debug|ARM.Build.0 = Debug|ARM
		{5D16B94B-EF6A-45C4-BECA-9BD6F5458962}.Debug|ARM.Deploy.0 = Debug|ARM
		{5D16B94B-EF6A-45C4-BECA-9BD6F5458962}.Debug|x64.ActiveCfg = Debug|x64
		{5D16B94B-EF6A-45C4-BECA-9BD6F5458962}.Debug|x64.Build.0 = Debug|x64
		{5D16B94B-EF6A-45C4-BECA-9BD6F5458962}.Debug|x64.Deploy.0 = Debug|x64
		{5D16B94B-EF6A-45C4-BECA-9BD6F5458962}.Debug|x86.ActiveCfg = Debug|x86
		{5D16B94B-EF6A-45C4-BECA-9BD6F5458962}.Debug|x86.Build.0 = Debug|x86
		{5D16B94B-EF6A-45C4-BECA-9BD6F5458962}.Debug|x86.Deploy.0 = Debug|x86
		{5D16B94B-EF6A-45C4-BECA-9BD6F5458962}.Release|Any CPU.ActiveCfg = Release|x86
		{5D16B94B-EF6A-45C4-BECA-9BD6F5458962}.Release|ARM.ActiveCfg = Release|ARM
		{5D16B94B-EF6A-45C4-BECA-9BD6F5458962}.Release|ARM.Build.0 = Release|ARM
		{5D16B94B-EF6A-45C4-BECA-9BD6F5458962}.Release|ARM.Deploy.0 = Release|ARM
		{5D16B94B-EF6A-45C4-BECA-9BD6F5458962}.Release|x64.ActiveCfg = Release|x64
		{5D16B94B-EF6A-45C4-BECA-9BD6F5458962}.Release|x64.Build.0 = Release|x64
		{5D16B94B-EF6A-45C4-BECA-9BD6F5458962}.Release|x64.Deploy.0 = Release|x64
		{5D16B94B-EF6A-45C4-BECA-9BD6F5458962}.Release|x86.ActiveCfg = Release|x86
		{5D16B94B-EF6A-45C4-BECA-9BD6F5458962}.Release|x86.Build.0 = Release|x86
		{5D16B94B-EF6A-45C4-BECA-9BD6F5458962}.Release|x86.Deploy.0 = Release|x86
		{36B5D0BD-BA2E-4368-A11C-73F3119B178E}.Debug|Any CPU.ActiveCfg = Debug|Any CPU
		{36B5D0BD-BA2E-4368-A11C-73F3119B178E}.Debug|Any CPU.Build.0 = Debug|Any CPU
		{36B5D0BD-BA2E-4368-A11C-73F3119B178E}.Debug|ARM.ActiveCfg = Debug|Any CPU
		{36B5D0BD-BA2E-4368-A11C-73F3119B178E}.Debug|ARM.Build.0 = Debug|Any CPU
		{36B5D0BD-BA2E-4368-A11C-73F3119B178E}.Debug|x64.ActiveCfg = Debug|Any CPU
		{36B5D0BD-BA2E-4368-A11C-73F3119B178E}.Debug|x64.Build.0 = Debug|Any CPU
		{36B5D0BD-BA2E-4368-A11C-73F3119B178E}.Debug|x86.ActiveCfg = Debug|Any CPU
		{36B5D0BD-BA2E-4368-A11C-73F3119B178E}.Debug|x86.Build.0 = Debug|Any CPU
		{36B5D0BD-BA2E-4368-A11C-73F3119B178E}.Release|Any CPU.ActiveCfg = Release|Any CPU
		{36B5D0BD-BA2E-4368-A11C-73F3119B178E}.Release|Any CPU.Build.0 = Release|Any CPU
		{36B5D0BD-BA2E-4368-A11C-73F3119B178E}.Release|ARM.ActiveCfg = Release|Any CPU
		{36B5D0BD-BA2E-4368-A11C-73F3119B178E}.Release|ARM.Build.0 = Release|Any CPU
		{36B5D0BD-BA2E-4368-A11C-73F3119B178E}.Release|x64.ActiveCfg = Release|Any CPU
		{36B5D0BD-BA2E-4368-A11C-73F3119B178E}.Release|x64.Build.0 = Release|Any CPU
		{36B5D0BD-BA2E-4368-A11C-73F3119B178E}.Release|x86.ActiveCfg = Release|Any CPU
		{36B5D0BD-BA2E-4368-A11C-73F3119B178E}.Release|x86.Build.0 = Release|Any CPU
	EndGlobalSection
	GlobalSection(SolutionProperties) = preSolution
		HideSolutionNode = FALSE
	EndGlobalSection
	GlobalSection(NestedProjects) = preSolution
		{0B56FF91-A9C0-4766-8985-B4E039544567} = {35F390D5-3E61-4217-9CF3-531FECE6AC36}
		{DC2F843C-F3F4-45F9-A1C0-131EDF233E08} = {35F390D5-3E61-4217-9CF3-531FECE6AC36}
		{C05F6D4A-690F-4CB5-ADA7-CAA9765A486B} = {35F390D5-3E61-4217-9CF3-531FECE6AC36}
		{70C56F8D-574B-49DE-8B01-C757A5D154C2} = {35F390D5-3E61-4217-9CF3-531FECE6AC36}
		{3D3948E2-ECA8-4018-AA96-4C0AB4EDC169} = {35F390D5-3E61-4217-9CF3-531FECE6AC36}
	EndGlobalSection
EndGlobal
